
Microsoft Visual Studio Solution File, Format Version 12.00
Project("{2150E333-8FDC-42A3-9474-1A3956D46DE8}") = "src", "src", "{45DCC3C7-93C9-4369-A882-4B01A089B89F}"
EndProject
Project("{2150E333-8FDC-42A3-9474-1A3956D46DE8}") = "playground", "playground", "{1C170460-3DE0-4913-9404-336B33419E44}"
EndProject
Project("{2150E333-8FDC-42A3-9474-1A3956D46DE8}") = "ecs", "ecs", "{0217C77A-672B-4E06-91C0-1B2733458B86}"
EndProject
Project("{FAE04EC0-301F-11D3-BF4B-00C04F79EFBC}") = "BevyECS", "playground\ecs\BevyECS\BevyECS.csproj", "{2D374E3B-B5F4-4471-B56A-2054CFF5CEDA}"
EndProject
Project("{FAE04EC0-301F-11D3-BF4B-00C04F79EFBC}") = "Grid.Utils.Playground", "playground\Grid.Utils.Playground\Grid.Utils.Playground.csproj", "{78A7AC16-8267-4A44-9F91-D528076C694B}"
EndProject
Project("{FAE04EC0-301F-11D3-BF4B-00C04F79EFBC}") = "SimpleECS", "playground\ecs\SimpleECS\SimpleECS.csproj", "{A4EBA592-EABD-4FE4-B0E9-9A1777F3F5E2}"
EndProject
Project("{FAE04EC0-301F-11D3-BF4B-00C04F79EFBC}") = "BevyECS.Test", "playground\ecs\BevyECS.Test\BevyECS.Test.csproj", "{8A7918DE-DBD7-42EF-9093-45CAE7F28943}"
EndProject
Project("{2150E333-8FDC-42A3-9474-1A3956D46DE8}") = "libs", "libs", "{BFBB2167-C75E-4ACE-BE3E-43841CFB90FF}"
EndProject
Project("{FAE04EC0-301F-11D3-BF4B-00C04F79EFBC}") = "Grid.ECS", "libs\Grid.ECS\Grid.ECS.csproj", "{DE16382E-FF65-42CD-AE1B-9F415F389034}"
EndProject
Project("{FAE04EC0-301F-11D3-BF4B-00C04F79EFBC}") = "Grid.Utils", "libs\Grid.Utils\Grid.Utils.csproj", "{A9EBC89F-5EC8-4D4F-BAFD-D29E1D02DBF3}"
EndProject
Project("{FAE04EC0-301F-11D3-BF4B-00C04F79EFBC}") = "Grid.ECS.Playground", "libs\Grid.ECS.Generator\Grid.ECS.Playground\Grid.ECS.Playground.csproj", "{63A51A16-92FD-4FAE-B02B-4F8B3C50CF83}"
EndProject
Project("{2150E333-8FDC-42A3-9474-1A3956D46DE8}") = "generators", "generators", "{38A5300D-19F9-4316-9192-AC485E1BBE13}"
EndProject
Project("{2150E333-8FDC-42A3-9474-1A3956D46DE8}") = "analyzers", "analyzers", "{2F9D245E-DA02-4E3E-A3F6-5E8F29F1480B}"
EndProject
Project("{2150E333-8FDC-42A3-9474-1A3956D46DE8}") = "Grid.ECS.Generator", "Grid.ECS.Generator", "{5313BC5D-D25C-4CC0-860B-C4A02CF58F3E}"
EndProject
Project("{2150E333-8FDC-42A3-9474-1A3956D46DE8}") = "Grid.ECS.Analyzer", "Grid.ECS.Analyzer", "{44E59A15-A30F-42BA-ABC5-57531C2DDD80}"
EndProject
Project("{FAE04EC0-301F-11D3-BF4B-00C04F79EFBC}") = "Grid.ECS.Analyzer", "analyzers\Grid.ECS.Analyzer\Grid.ECS.Analyzer\Grid.ECS.Analyzer.csproj", "{17E4A853-74DD-4D86-88E6-3E5293281E58}"
EndProject
Project("{FAE04EC0-301F-11D3-BF4B-00C04F79EFBC}") = "Grid.ECS.Analyzer.Sample", "analyzers\Grid.ECS.Analyzer\Grid.ECS.Analyzer.Sample\Grid.ECS.Analyzer.Sample.csproj", "{3FBDE3C8-55BE-412E-A396-89E962017FDE}"
EndProject
Project("{FAE04EC0-301F-11D3-BF4B-00C04F79EFBC}") = "Grid.ECS.Analyzer.Tests", "analyzers\Grid.ECS.Analyzer\Grid.ECS.Analyzer.Tests\Grid.ECS.Analyzer.Tests.csproj", "{14B26ED8-0699-4EAC-904A-CC43A8724B8D}"
EndProject
Project("{FAE04EC0-301F-11D3-BF4B-00C04F79EFBC}") = "Grid.ECS.Generator", "generators\Grid.ECS.Generator\Grid.ECS.Generator\Grid.ECS.Generator\Grid.ECS.Generator.csproj", "{F4175412-3EF8-4659-9799-57FA94A8CF66}"
EndProject
Project("{FAE04EC0-301F-11D3-BF4B-00C04F79EFBC}") = "Grid.ECS.Generator.Sample", "generators\Grid.ECS.Generator\Grid.ECS.Generator\Grid.ECS.Generator.Sample\Grid.ECS.Generator.Sample.csproj", "{4FADB2E2-40D6-49A9-A6CF-B930103739D4}"
EndProject
Project("{FAE04EC0-301F-11D3-BF4B-00C04F79EFBC}") = "Grid.ECS.Generator.Tests", "generators\Grid.ECS.Generator\Grid.ECS.Generator\Grid.ECS.Generator.Tests\Grid.ECS.Generator.Tests.csproj", "{079550ED-EF7B-43AA-B922-9FBF37692DB4}"
EndProject
Global
	GlobalSection(SolutionConfigurationPlatforms) = preSolution
		Debug|Any CPU = Debug|Any CPU
		Release|Any CPU = Release|Any CPU
	EndGlobalSection
	GlobalSection(ProjectConfigurationPlatforms) = postSolution
		{2D374E3B-B5F4-4471-B56A-2054CFF5CEDA}.Debug|Any CPU.ActiveCfg = Debug|Any CPU
		{2D374E3B-B5F4-4471-B56A-2054CFF5CEDA}.Debug|Any CPU.Build.0 = Debug|Any CPU
		{2D374E3B-B5F4-4471-B56A-2054CFF5CEDA}.Release|Any CPU.ActiveCfg = Release|Any CPU
		{2D374E3B-B5F4-4471-B56A-2054CFF5CEDA}.Release|Any CPU.Build.0 = Release|Any CPU
		{78A7AC16-8267-4A44-9F91-D528076C694B}.Debug|Any CPU.ActiveCfg = Debug|Any CPU
		{78A7AC16-8267-4A44-9F91-D528076C694B}.Debug|Any CPU.Build.0 = Debug|Any CPU
		{78A7AC16-8267-4A44-9F91-D528076C694B}.Release|Any CPU.ActiveCfg = Release|Any CPU
		{78A7AC16-8267-4A44-9F91-D528076C694B}.Release|Any CPU.Build.0 = Release|Any CPU
		{A4EBA592-EABD-4FE4-B0E9-9A1777F3F5E2}.Debug|Any CPU.ActiveCfg = Debug|Any CPU
		{A4EBA592-EABD-4FE4-B0E9-9A1777F3F5E2}.Debug|Any CPU.Build.0 = Debug|Any CPU
		{A4EBA592-EABD-4FE4-B0E9-9A1777F3F5E2}.Release|Any CPU.ActiveCfg = Release|Any CPU
		{A4EBA592-EABD-4FE4-B0E9-9A1777F3F5E2}.Release|Any CPU.Build.0 = Release|Any CPU
		{8A7918DE-DBD7-42EF-9093-45CAE7F28943}.Debug|Any CPU.ActiveCfg = Debug|Any CPU
		{8A7918DE-DBD7-42EF-9093-45CAE7F28943}.Debug|Any CPU.Build.0 = Debug|Any CPU
		{8A7918DE-DBD7-42EF-9093-45CAE7F28943}.Release|Any CPU.ActiveCfg = Release|Any CPU
		{8A7918DE-DBD7-42EF-9093-45CAE7F28943}.Release|Any CPU.Build.0 = Release|Any CPU
		{DE16382E-FF65-42CD-AE1B-9F415F389034}.Debug|Any CPU.ActiveCfg = Debug|Any CPU
		{DE16382E-FF65-42CD-AE1B-9F415F389034}.Debug|Any CPU.Build.0 = Debug|Any CPU
		{DE16382E-FF65-42CD-AE1B-9F415F389034}.Release|Any CPU.ActiveCfg = Release|Any CPU
		{DE16382E-FF65-42CD-AE1B-9F415F389034}.Release|Any CPU.Build.0 = Release|Any CPU
		{A9EBC89F-5EC8-4D4F-BAFD-D29E1D02DBF3}.Debug|Any CPU.ActiveCfg = Debug|Any CPU
		{A9EBC89F-5EC8-4D4F-BAFD-D29E1D02DBF3}.Debug|Any CPU.Build.0 = Debug|Any CPU
		{A9EBC89F-5EC8-4D4F-BAFD-D29E1D02DBF3}.Release|Any CPU.ActiveCfg = Release|Any CPU
		{A9EBC89F-5EC8-4D4F-BAFD-D29E1D02DBF3}.Release|Any CPU.Build.0 = Release|Any CPU
		{63A51A16-92FD-4FAE-B02B-4F8B3C50CF83}.Debug|Any CPU.ActiveCfg = Debug|Any CPU
		{63A51A16-92FD-4FAE-B02B-4F8B3C50CF83}.Debug|Any CPU.Build.0 = Debug|Any CPU
		{63A51A16-92FD-4FAE-B02B-4F8B3C50CF83}.Release|Any CPU.ActiveCfg = Release|Any CPU
		{63A51A16-92FD-4FAE-B02B-4F8B3C50CF83}.Release|Any CPU.Build.0 = Release|Any CPU
		{17E4A853-74DD-4D86-88E6-3E5293281E58}.Debug|Any CPU.ActiveCfg = Debug|Any CPU
		{17E4A853-74DD-4D86-88E6-3E5293281E58}.Debug|Any CPU.Build.0 = Debug|Any CPU
		{17E4A853-74DD-4D86-88E6-3E5293281E58}.Release|Any CPU.ActiveCfg = Release|Any CPU
		{17E4A853-74DD-4D86-88E6-3E5293281E58}.Release|Any CPU.Build.0 = Release|Any CPU
		{3FBDE3C8-55BE-412E-A396-89E962017FDE}.Debug|Any CPU.ActiveCfg = Debug|Any CPU
		{3FBDE3C8-55BE-412E-A396-89E962017FDE}.Debug|Any CPU.Build.0 = Debug|Any CPU
		{3FBDE3C8-55BE-412E-A396-89E962017FDE}.Release|Any CPU.ActiveCfg = Release|Any CPU
		{3FBDE3C8-55BE-412E-A396-89E962017FDE}.Release|Any CPU.Build.0 = Release|Any CPU
		{14B26ED8-0699-4EAC-904A-CC43A8724B8D}.Debug|Any CPU.ActiveCfg = Debug|Any CPU
		{14B26ED8-0699-4EAC-904A-CC43A8724B8D}.Debug|Any CPU.Build.0 = Debug|Any CPU
		{14B26ED8-0699-4EAC-904A-CC43A8724B8D}.Release|Any CPU.ActiveCfg = Release|Any CPU
		{14B26ED8-0699-4EAC-904A-CC43A8724B8D}.Release|Any CPU.Build.0 = Release|Any CPU
		{F4175412-3EF8-4659-9799-57FA94A8CF66}.Debug|Any CPU.ActiveCfg = Debug|Any CPU
		{F4175412-3EF8-4659-9799-57FA94A8CF66}.Debug|Any CPU.Build.0 = Debug|Any CPU
		{F4175412-3EF8-4659-9799-57FA94A8CF66}.Release|Any CPU.ActiveCfg = Release|Any CPU
		{F4175412-3EF8-4659-9799-57FA94A8CF66}.Release|Any CPU.Build.0 = Release|Any CPU
		{4FADB2E2-40D6-49A9-A6CF-B930103739D4}.Debug|Any CPU.ActiveCfg = Debug|Any CPU
		{4FADB2E2-40D6-49A9-A6CF-B930103739D4}.Debug|Any CPU.Build.0 = Debug|Any CPU
		{4FADB2E2-40D6-49A9-A6CF-B930103739D4}.Release|Any CPU.ActiveCfg = Release|Any CPU
		{4FADB2E2-40D6-49A9-A6CF-B930103739D4}.Release|Any CPU.Build.0 = Release|Any CPU
		{079550ED-EF7B-43AA-B922-9FBF37692DB4}.Debug|Any CPU.ActiveCfg = Debug|Any CPU
		{079550ED-EF7B-43AA-B922-9FBF37692DB4}.Debug|Any CPU.Build.0 = Debug|Any CPU
		{079550ED-EF7B-43AA-B922-9FBF37692DB4}.Release|Any CPU.ActiveCfg = Release|Any CPU
		{079550ED-EF7B-43AA-B922-9FBF37692DB4}.Release|Any CPU.Build.0 = Release|Any CPU
	EndGlobalSection
	GlobalSection(NestedProjects) = preSolution
		{0217C77A-672B-4E06-91C0-1B2733458B86} = {1C170460-3DE0-4913-9404-336B33419E44}
		{2D374E3B-B5F4-4471-B56A-2054CFF5CEDA} = {0217C77A-672B-4E06-91C0-1B2733458B86}
		{78A7AC16-8267-4A44-9F91-D528076C694B} = {1C170460-3DE0-4913-9404-336B33419E44}
		{A4EBA592-EABD-4FE4-B0E9-9A1777F3F5E2} = {0217C77A-672B-4E06-91C0-1B2733458B86}
		{8A7918DE-DBD7-42EF-9093-45CAE7F28943} = {0217C77A-672B-4E06-91C0-1B2733458B86}
		{DE16382E-FF65-42CD-AE1B-9F415F389034} = {BFBB2167-C75E-4ACE-BE3E-43841CFB90FF}
		{A9EBC89F-5EC8-4D4F-BAFD-D29E1D02DBF3} = {BFBB2167-C75E-4ACE-BE3E-43841CFB90FF}
		{63A51A16-92FD-4FAE-B02B-4F8B3C50CF83} = {1C170460-3DE0-4913-9404-336B33419E44}
		{5313BC5D-D25C-4CC0-860B-C4A02CF58F3E} = {38A5300D-19F9-4316-9192-AC485E1BBE13}
		{44E59A15-A30F-42BA-ABC5-57531C2DDD80} = {2F9D245E-DA02-4E3E-A3F6-5E8F29F1480B}
		{17E4A853-74DD-4D86-88E6-3E5293281E58} = {44E59A15-A30F-42BA-ABC5-57531C2DDD80}
		{3FBDE3C8-55BE-412E-A396-89E962017FDE} = {44E59A15-A30F-42BA-ABC5-57531C2DDD80}
		{14B26ED8-0699-4EAC-904A-CC43A8724B8D} = {44E59A15-A30F-42BA-ABC5-57531C2DDD80}
		{F4175412-3EF8-4659-9799-57FA94A8CF66} = {5313BC5D-D25C-4CC0-860B-C4A02CF58F3E}
		{4FADB2E2-40D6-49A9-A6CF-B930103739D4} = {5313BC5D-D25C-4CC0-860B-C4A02CF58F3E}
		{079550ED-EF7B-43AA-B922-9FBF37692DB4} = {5313BC5D-D25C-4CC0-860B-C4A02CF58F3E}
	EndGlobalSection
EndGlobal
