
Microsoft Visual Studio Solution File, Format Version 12.00
Project("{FAE04EC0-301F-11D3-BF4B-00C04F79EFBC}") = "Grid.ECS", "Grid.ECS\Grid.ECS.csproj", "{FE274098-8F6E-49F7-967D-14004C1A8352}"
EndProject
Project("{FAE04EC0-301F-11D3-BF4B-00C04F79EFBC}") = "Grid.ECS.Test", "Grid.ECS.Test\Grid.ECS.Test.csproj", "{7DA9B544-C9C4-46D3-92A0-BD3FDDC70847}"
EndProject
Project("{FAE04EC0-301F-11D3-BF4B-00C04F79EFBC}") = "CSharpPlayGround", "CSharpPlayGround\CSharpPlayGround.csproj", "{34A07454-77CB-46DE-85C2-A8547DC8970E}"
EndProject
Project("{FAE04EC0-301F-11D3-BF4B-00C04F79EFBC}") = "Grid.Util", "Grid.Util\Grid.Util.csproj", "{B5EF052C-B134-4C4C-B311-E788D1E2492F}"
EndProject
Project("{FAE04EC0-301F-11D3-BF4B-00C04F79EFBC}") = "Grid.Util.Test", "Grid.Util.Test\Grid.Util.Test.csproj", "{B0B88EBC-8267-4018-ACB0-CB473C72BC5E}"
EndProject
Project("{FAE04EC0-301F-11D3-BF4B-00C04F79EFBC}") = "Grid.SimpleECS.Test", "Grid.SimpleECS.Test\Grid.SimpleECS.Test.csproj", "{82A7F536-BCD3-40E8-86DF-628D88B1CE0A}"
EndProject
Global
	GlobalSection(SolutionConfigurationPlatforms) = preSolution
		Debug|Any CPU = Debug|Any CPU
		Release|Any CPU = Release|Any CPU
	EndGlobalSection
	GlobalSection(ProjectConfigurationPlatforms) = postSolution
		{FE274098-8F6E-49F7-967D-14004C1A8352}.Debug|Any CPU.ActiveCfg = Debug|Any CPU
		{FE274098-8F6E-49F7-967D-14004C1A8352}.Debug|Any CPU.Build.0 = Debug|Any CPU
		{FE274098-8F6E-49F7-967D-14004C1A8352}.Release|Any CPU.ActiveCfg = Release|Any CPU
		{FE274098-8F6E-49F7-967D-14004C1A8352}.Release|Any CPU.Build.0 = Release|Any CPU
		{7DA9B544-C9C4-46D3-92A0-BD3FDDC70847}.Debug|Any CPU.ActiveCfg = Debug|Any CPU
		{7DA9B544-C9C4-46D3-92A0-BD3FDDC70847}.Debug|Any CPU.Build.0 = Debug|Any CPU
		{7DA9B544-C9C4-46D3-92A0-BD3FDDC70847}.Release|Any CPU.ActiveCfg = Release|Any CPU
		{7DA9B544-C9C4-46D3-92A0-BD3FDDC70847}.Release|Any CPU.Build.0 = Release|Any CPU
		{34A07454-77CB-46DE-85C2-A8547DC8970E}.Debug|Any CPU.ActiveCfg = Debug|Any CPU
		{34A07454-77CB-46DE-85C2-A8547DC8970E}.Debug|Any CPU.Build.0 = Debug|Any CPU
		{34A07454-77CB-46DE-85C2-A8547DC8970E}.Release|Any CPU.ActiveCfg = Release|Any CPU
		{34A07454-77CB-46DE-85C2-A8547DC8970E}.Release|Any CPU.Build.0 = Release|Any CPU
		{B5EF052C-B134-4C4C-B311-E788D1E2492F}.Debug|Any CPU.ActiveCfg = Debug|Any CPU
		{B5EF052C-B134-4C4C-B311-E788D1E2492F}.Debug|Any CPU.Build.0 = Debug|Any CPU
		{B5EF052C-B134-4C4C-B311-E788D1E2492F}.Release|Any CPU.ActiveCfg = Release|Any CPU
		{B5EF052C-B134-4C4C-B311-E788D1E2492F}.Release|Any CPU.Build.0 = Release|Any CPU
		{B0B88EBC-8267-4018-ACB0-CB473C72BC5E}.Debug|Any CPU.ActiveCfg = Debug|Any CPU
		{B0B88EBC-8267-4018-ACB0-CB473C72BC5E}.Debug|Any CPU.Build.0 = Debug|Any CPU
		{B0B88EBC-8267-4018-ACB0-CB473C72BC5E}.Release|Any CPU.ActiveCfg = Release|Any CPU
		{B0B88EBC-8267-4018-ACB0-CB473C72BC5E}.Release|Any CPU.Build.0 = Release|Any CPU
		{82A7F536-BCD3-40E8-86DF-628D88B1CE0A}.Debug|Any CPU.ActiveCfg = Debug|Any CPU
		{82A7F536-BCD3-40E8-86DF-628D88B1CE0A}.Debug|Any CPU.Build.0 = Debug|Any CPU
		{82A7F536-BCD3-40E8-86DF-628D88B1CE0A}.Release|Any CPU.ActiveCfg = Release|Any CPU
		{82A7F536-BCD3-40E8-86DF-628D88B1CE0A}.Release|Any CPU.Build.0 = Release|Any CPU
	EndGlobalSection
EndGlobal
